
Microsoft Visual Studio Solution File, Format Version 12.00
# Visual Studio Version 16
VisualStudioVersion = 16.0.30907.101
MinimumVisualStudioVersion = 10.0.40219.1
Project("{FAE04EC0-301F-11D3-BF4B-00C04F79EFBC}") = "Forexclub", "Forexclub\Forexclub.csproj", "{D89891A8-1E47-4BE5-BEE9-164D67CEEC85}"
EndProject
Global
	GlobalSection(SolutionConfigurationPlatforms) = preSolution
		Debug|Any CPU = Debug|Any CPU
		Release|Any CPU = Release|Any CPU
	EndGlobalSection
	GlobalSection(ProjectConfigurationPlatforms) = postSolution
		{D89891A8-1E47-4BE5-BEE9-164D67CEEC85}.Debug|Any CPU.ActiveCfg = Debug|Any CPU
		{D89891A8-1E47-4BE5-BEE9-164D67CEEC85}.Debug|Any CPU.Build.0 = Debug|Any CPU
		{D89891A8-1E47-4BE5-BEE9-164D67CEEC85}.Release|Any CPU.ActiveCfg = Release|Any CPU
		{D89891A8-1E47-4BE5-BEE9-164D67CEEC85}.Release|Any CPU.Build.0 = Release|Any CPU
	EndGlobalSection
	GlobalSection(SolutionProperties) = preSolution
		HideSolutionNode = FALSE
	EndGlobalSection
	GlobalSection(ExtensibilityGlobals) = postSolution
		SolutionGuid = {3F3FA53B-84AF-4BE3-8E34-999CC1096E77}
	EndGlobalSection
EndGlobal
